# THIS IS AN AUTOGENERATED FILE. DO NOT EDIT THIS FILE DIRECTLY.
# yarn lockfile v1


"@aha-app/aha-develop-react@^1.0.6":
  version "1.0.6"
  resolved "https://registry.yarnpkg.com/@aha-app/aha-develop-react/-/aha-develop-react-1.0.6.tgz#1a85f9c24ea03e27b5abd5b9aa7b8e5a9cd53cf4"
  integrity sha512-eDTLvj5kUdt8vQHhKJuAk6McAoN6jbwLTSS6K4c2/dFDVEW9APetFTXg8VOX6RsV2HPjfeGXf5nEk7pwgNSOlQ==

"@types/lodash@^4.14.175":
  version "4.14.175"
  resolved "https://registry.yarnpkg.com/@types/lodash/-/lodash-4.14.175.tgz#b78dfa959192b01fae0ad90e166478769b215f45"
  integrity sha512-XmdEOrKQ8a1Y/yxQFOMbC47G/V2VDO1GvMRnl4O75M4GW/abC5tnfzadQYkqEveqRM1dEJGFFegfPNA2vvx2iw==

"@types/prop-types@*":
  version "15.7.4"
  resolved "https://registry.yarnpkg.com/@types/prop-types/-/prop-types-15.7.4.tgz#fcf7205c25dff795ee79af1e30da2c9790808f11"
  integrity sha512-rZ5drC/jWjrArrS8BR6SIr4cWpW09RNTYt9AMZo3Jwwif+iacXAqgVjm0B0Bv/S1jhDXKHqRVNCbACkJ89RAnQ==

"@types/react@^16.8.0":
  version "16.14.13"
  resolved "https://registry.yarnpkg.com/@types/react/-/react-16.14.13.tgz#14f77c75ea581fa632907440dfda23b3c6ab24c9"
  integrity sha512-KznsRYfqPmbcA5pMxc4mYQ7UgsJa2tAgKE2YwEmY5xKaTVZXLAY/ImBohyQHnEoIjxIJR+Um4FmaEYDr3q3zlg==
  dependencies:
    "@types/prop-types" "*"
    "@types/scheduler" "*"
    csstype "^3.0.2"

"@types/scheduler@*":
  version "0.16.2"
  resolved "https://registry.yarnpkg.com/@types/scheduler/-/scheduler-0.16.2.tgz#1a62f89525723dde24ba1b01b092bf5df8ad4d39"
  integrity sha512-hppQEBDmlwhFAXKJX2KnWLYu5yMfi91yazPb2l+lbJiwW+wdo1gNeRA+3RgNSO39WYX2euey41KEwnqesU2Jew==

axios@^0.21.1:
  version "0.21.1"
  resolved "https://registry.yarnpkg.com/axios/-/axios-0.21.1.tgz#22563481962f4d6bde9a76d516ef0e5d3c09b2b8"
  integrity sha512-dKQiRHxGD9PPRIUNIWvZhPTPpl1rf/OxTYKsqKUDjBwYylTvV7SjSHJb9ratfyzM6wCdLCOYLzs73qpg5c4iGA==
  dependencies:
    follow-redirects "^1.10.0"

csstype@^3.0.2:
  version "3.0.8"
  resolved "https://registry.yarnpkg.com/csstype/-/csstype-3.0.8.tgz#d2266a792729fb227cd216fb572f43728e1ad340"
  integrity sha512-jXKhWqXPmlUeoQnF/EhTtTl4C9SnrxSH/jZUih3jmO6lBKr99rP3/+FmrMj4EFpOXzMtXHAZkd3x0E6h6Fgflw==

follow-redirects@^1.10.0:
  version "1.14.1"
  resolved "https://registry.yarnpkg.com/follow-redirects/-/follow-redirects-1.14.1.tgz#d9114ded0a1cfdd334e164e6662ad02bfd91ff43"
  integrity sha512-HWqDgT7ZEkqRzBvc2s64vSZ/hfOceEol3ac/7tKwzuvEyWx3/4UegXh5oBOIotkGsObyk3xznnSRVADBgWSQVg==

"js-tokens@^3.0.0 || ^4.0.0":
  version "4.0.0"
  resolved "https://registry.yarnpkg.com/js-tokens/-/js-tokens-4.0.0.tgz#19203fb59991df98e3a287050d4647cdeaf32499"
  integrity sha512-RdJUflcE3cUzKiMqQgsCu06FPu9UdIJO0beYbPhHN4k6apgJtifcoCtT9bcxOpYBtpD2kCM6Sbzg4CausW/PKQ==

lodash@^4.17.21:
  version "4.17.21"
  resolved "https://registry.yarnpkg.com/lodash/-/lodash-4.17.21.tgz#679591c564c3bffaae8454cf0b3df370c3d6911c"
  integrity sha512-v2kDEe57lecTulaDIuNTPy3Ry4gLGJ6Z1O3vE1krgXZNrsQ+LFTGHVxVjcXPs17LhbZVGedAJv8XZ1tvj5FvSg==

loose-envify@^1.1.0:
  version "1.4.0"
  resolved "https://registry.yarnpkg.com/loose-envify/-/loose-envify-1.4.0.tgz#71ee51fa7be4caec1a63839f7e682d8132d30caf"
  integrity sha512-lyuxPGr/Wfhrlem2CL/UcnUc1zcqKAImBDzukY7Y5F/yQiNdko6+fRLevlw1HgMySw7f611UIY408EtxRSoK3Q==
  dependencies:
    js-tokens "^3.0.0 || ^4.0.0"

object-assign@^4.1.1:
  version "4.1.1"
  resolved "https://registry.yarnpkg.com/object-assign/-/object-assign-4.1.1.tgz#2109adc7965887cfc05cbbd442cac8bfbb360863"
  integrity sha1-IQmtx5ZYh8/AXLvUQsrIv7s2CGM=

prettier@^2.3.2:
  version "2.3.2"
  resolved "https://registry.yarnpkg.com/prettier/-/prettier-2.3.2.tgz#ef280a05ec253712e486233db5c6f23441e7342d"
  integrity sha512-lnJzDfJ66zkMy58OL5/NY5zp70S7Nz6KqcKkXYzn2tMVrNxvbqaBpg7H3qHaLxCJ5lNMsGuM8+ohS7cZrthdLQ==

react@^17.0.2:
  version "17.0.2"
  resolved "https://registry.yarnpkg.com/react/-/react-17.0.2.tgz#d0b5cc516d29eb3eee383f75b62864cfb6800037"
  integrity sha512-gnhPt75i/dq/z3/6q/0asP78D0u592D5L1pd7M8P+dck6Fu/jJeL6iVVK23fptSUZj8Vjf++7wXA8UNclGQcbA==
  dependencies:
    loose-envify "^1.1.0"
    object-assign "^4.1.1"
